
Microsoft Visual Studio Solution File, Format Version 12.00
# Visual Studio Version 17
VisualStudioVersion = 17.13.35806.99 d17.13
MinimumVisualStudioVersion = 10.0.40219.1
Project("{FAE04EC0-301F-11D3-BF4B-00C04F79EFBC}") = "MyApiProject", "MyApiProject\MyApiProject.csproj", "{DBD46A67-9369-4DED-A43F-031712CA512F}"
EndProject
Global
	GlobalSection(SolutionConfigurationPlatforms) = preSolution
		Debug|Any CPU = Debug|Any CPU
		Release|Any CPU = Release|Any CPU
	EndGlobalSection
	GlobalSection(ProjectConfigurationPlatforms) = postSolution
		{DBD46A67-9369-4DED-A43F-031712CA512F}.Debug|Any CPU.ActiveCfg = Debug|Any CPU
		{DBD46A67-9369-4DED-A43F-031712CA512F}.Debug|Any CPU.Build.0 = Debug|Any CPU
		{DBD46A67-9369-4DED-A43F-031712CA512F}.Release|Any CPU.ActiveCfg = Release|Any CPU
		{DBD46A67-9369-4DED-A43F-031712CA512F}.Release|Any CPU.Build.0 = Release|Any CPU
	EndGlobalSection
	GlobalSection(SolutionProperties) = preSolution
		HideSolutionNode = FALSE
	EndGlobalSection
	GlobalSection(ExtensibilityGlobals) = postSolution
		SolutionGuid = {11EA3968-1321-46CC-A13B-449C013A7626}
	EndGlobalSection
EndGlobal
